
Microsoft Visual Studio Solution File, Format Version 12.00
# Visual Studio 15
VisualStudioVersion = 15.0.28307.852
MinimumVisualStudioVersion = 10.0.40219.1
Project("{FAE04EC0-301F-11D3-BF4B-00C04F79EFBC}") = "DOT1204", "DOT1204\DOT1204.csproj", "{F9C5B20F-3299-4E98-BEFA-7FB488E37783}"
EndProject
Project("{FAE04EC0-301F-11D3-BF4B-00C04F79EFBC}") = "TEST", "..\sap1128\TEST\TEST.csproj", "{32745876-1A8E-4A44-8B09-2044174C6205}"
EndProject
Project("{6989167D-11E4-40FE-8C1A-2192A86A7E90}") = "RPRM", "..\sap1128\RPRM\RPRM.vfproj", "{C0E1A608-6383-4863-AAE1-02C8ADB57AC3}"
EndProject
Global
	GlobalSection(SolutionConfigurationPlatforms) = preSolution
		Debug|Any CPU = Debug|Any CPU
		Debug|x86 = Debug|x86
		Release|Any CPU = Release|Any CPU
		Release|x86 = Release|x86
	EndGlobalSection
	GlobalSection(ProjectConfigurationPlatforms) = postSolution
		{F9C5B20F-3299-4E98-BEFA-7FB488E37783}.Debug|Any CPU.ActiveCfg = Debug|Any CPU
		{F9C5B20F-3299-4E98-BEFA-7FB488E37783}.Debug|Any CPU.Build.0 = Debug|Any CPU
		{F9C5B20F-3299-4E98-BEFA-7FB488E37783}.Debug|x86.ActiveCfg = Debug|Any CPU
		{F9C5B20F-3299-4E98-BEFA-7FB488E37783}.Debug|x86.Build.0 = Debug|Any CPU
		{F9C5B20F-3299-4E98-BEFA-7FB488E37783}.Release|Any CPU.ActiveCfg = Release|Any CPU
		{F9C5B20F-3299-4E98-BEFA-7FB488E37783}.Release|Any CPU.Build.0 = Release|Any CPU
		{F9C5B20F-3299-4E98-BEFA-7FB488E37783}.Release|x86.ActiveCfg = Release|Any CPU
		{F9C5B20F-3299-4E98-BEFA-7FB488E37783}.Release|x86.Build.0 = Release|Any CPU
		{32745876-1A8E-4A44-8B09-2044174C6205}.Debug|Any CPU.ActiveCfg = Debug|Any CPU
		{32745876-1A8E-4A44-8B09-2044174C6205}.Debug|Any CPU.Build.0 = Debug|Any CPU
		{32745876-1A8E-4A44-8B09-2044174C6205}.Debug|x86.ActiveCfg = Debug|Any CPU
		{32745876-1A8E-4A44-8B09-2044174C6205}.Debug|x86.Build.0 = Debug|Any CPU
		{32745876-1A8E-4A44-8B09-2044174C6205}.Release|Any CPU.ActiveCfg = Release|Any CPU
		{32745876-1A8E-4A44-8B09-2044174C6205}.Release|Any CPU.Build.0 = Release|Any CPU
		{32745876-1A8E-4A44-8B09-2044174C6205}.Release|x86.ActiveCfg = Release|Any CPU
		{32745876-1A8E-4A44-8B09-2044174C6205}.Release|x86.Build.0 = Release|Any CPU
		{C0E1A608-6383-4863-AAE1-02C8ADB57AC3}.Debug|Any CPU.ActiveCfg = Debug|Win32
		{C0E1A608-6383-4863-AAE1-02C8ADB57AC3}.Debug|x86.ActiveCfg = Debug|Win32
		{C0E1A608-6383-4863-AAE1-02C8ADB57AC3}.Debug|x86.Build.0 = Debug|Win32
		{C0E1A608-6383-4863-AAE1-02C8ADB57AC3}.Release|Any CPU.ActiveCfg = Release|Win32
		{C0E1A608-6383-4863-AAE1-02C8ADB57AC3}.Release|x86.ActiveCfg = Release|Win32
		{C0E1A608-6383-4863-AAE1-02C8ADB57AC3}.Release|x86.Build.0 = Release|Win32
	EndGlobalSection
	GlobalSection(SolutionProperties) = preSolution
		HideSolutionNode = FALSE
	EndGlobalSection
	GlobalSection(ExtensibilityGlobals) = postSolution
		SolutionGuid = {BBEBCC35-F424-4842-BDEB-644BC28D79D9}
	EndGlobalSection
EndGlobal
