
Microsoft Visual Studio Solution File, Format Version 12.00
# Visual Studio 15
VisualStudioVersion = 15.0.28307.852
MinimumVisualStudioVersion = 10.0.40219.1
Project("{6989167D-11E4-40FE-8C1A-2192A86A7E90}") = "sap1128", "sap1128\sap1128.vfproj", "{CADD94D2-57D6-490B-AE7A-D77803D272EC}"
EndProject
Project("{6989167D-11E4-40FE-8C1A-2192A86A7E90}") = "DOOT1", "DOOT1\DOOT1.vfproj", "{7C7F1F89-6F6C-49F7-AAE2-D0501F35AFA2}"
EndProject
Project("{FAE04EC0-301F-11D3-BF4B-00C04F79EFBC}") = "TEST", "TEST\TEST.csproj", "{32745876-1A8E-4A44-8B09-2044174C6205}"
EndProject
Project("{6989167D-11E4-40FE-8C1A-2192A86A7E90}") = "MATH", "MATH\MATH.vfproj", "{8352F9D2-AE71-49B7-9869-B57B6279252C}"
EndProject
Project("{FAE04EC0-301F-11D3-BF4B-00C04F79EFBC}") = "UseFortrandll", "UseFortrandll\UseFortrandll.csproj", "{CFCB0BF5-A1C5-40D6-BBB4-625148DDEB02}"
EndProject
Project("{6989167D-11E4-40FE-8C1A-2192A86A7E90}") = "throw", "throw\throw.vfproj", "{B3215EA4-FA47-46EA-924C-E19F42C05E9E}"
EndProject
Project("{6989167D-11E4-40FE-8C1A-2192A86A7E90}") = "ArrayDll", "ArrayDll\ArrayDll.vfproj", "{A1350A05-77E7-44CE-BCB8-0FF5FAF29934}"
EndProject
Project("{6989167D-11E4-40FE-8C1A-2192A86A7E90}") = "Console1", "Console1\Console1.vfproj", "{18B5A7D2-17A2-4A83-80E7-5675A38477AE}"
EndProject
Project("{6989167D-11E4-40FE-8C1A-2192A86A7E90}") = "EVAL", "EVAL\EVAL.vfproj", "{D9DBC9E3-6A03-4E5E-A3EA-863880321780}"
EndProject
Project("{FAE04EC0-301F-11D3-BF4B-00C04F79EFBC}") = "DEALRPRM", "DEALRPRM\DEALRPRM.csproj", "{8687AB49-DE2A-4570-96E0-C09CD65C5CC0}"
EndProject
Project("{6989167D-11E4-40FE-8C1A-2192A86A7E90}") = "DOTBOX", "DOTBOX\DOTBOX.vfproj", "{818910ED-52B1-470F-92C9-411456246926}"
EndProject
Project("{6989167D-11E4-40FE-8C1A-2192A86A7E90}") = "character", "character\character.vfproj", "{1DFA5998-4310-43BE-ABB4-F9EDD0DED7E3}"
EndProject
Project("{FAE04EC0-301F-11D3-BF4B-00C04F79EFBC}") = "dealcharacter", "dealcharacter\dealcharacter.csproj", "{9A4183B7-1C59-4EB1-A1EA-3F9B927DF3F5}"
EndProject
Project("{6989167D-11E4-40FE-8C1A-2192A86A7E90}") = "RPRM", "RPRM\RPRM.vfproj", "{C0E1A608-6383-4863-AAE1-02C8ADB57AC3}"
EndProject
Global
	GlobalSection(SolutionConfigurationPlatforms) = preSolution
		Debug|Any CPU = Debug|Any CPU
		Debug|x86 = Debug|x86
		Release|Any CPU = Release|Any CPU
		Release|x86 = Release|x86
	EndGlobalSection
	GlobalSection(ProjectConfigurationPlatforms) = postSolution
		{CADD94D2-57D6-490B-AE7A-D77803D272EC}.Debug|Any CPU.ActiveCfg = Debug|Win32
		{CADD94D2-57D6-490B-AE7A-D77803D272EC}.Debug|x86.ActiveCfg = Debug|Win32
		{CADD94D2-57D6-490B-AE7A-D77803D272EC}.Debug|x86.Build.0 = Debug|Win32
		{CADD94D2-57D6-490B-AE7A-D77803D272EC}.Release|Any CPU.ActiveCfg = Release|Win32
		{CADD94D2-57D6-490B-AE7A-D77803D272EC}.Release|x86.ActiveCfg = Release|Win32
		{CADD94D2-57D6-490B-AE7A-D77803D272EC}.Release|x86.Build.0 = Release|Win32
		{7C7F1F89-6F6C-49F7-AAE2-D0501F35AFA2}.Debug|Any CPU.ActiveCfg = Debug|Win32
		{7C7F1F89-6F6C-49F7-AAE2-D0501F35AFA2}.Debug|x86.ActiveCfg = Debug|Win32
		{7C7F1F89-6F6C-49F7-AAE2-D0501F35AFA2}.Debug|x86.Build.0 = Debug|Win32
		{7C7F1F89-6F6C-49F7-AAE2-D0501F35AFA2}.Release|Any CPU.ActiveCfg = Release|Win32
		{7C7F1F89-6F6C-49F7-AAE2-D0501F35AFA2}.Release|x86.ActiveCfg = Release|Win32
		{7C7F1F89-6F6C-49F7-AAE2-D0501F35AFA2}.Release|x86.Build.0 = Release|Win32
		{32745876-1A8E-4A44-8B09-2044174C6205}.Debug|Any CPU.ActiveCfg = Debug|Any CPU
		{32745876-1A8E-4A44-8B09-2044174C6205}.Debug|Any CPU.Build.0 = Debug|Any CPU
		{32745876-1A8E-4A44-8B09-2044174C6205}.Debug|x86.ActiveCfg = Debug|Any CPU
		{32745876-1A8E-4A44-8B09-2044174C6205}.Debug|x86.Build.0 = Debug|Any CPU
		{32745876-1A8E-4A44-8B09-2044174C6205}.Release|Any CPU.ActiveCfg = Release|Any CPU
		{32745876-1A8E-4A44-8B09-2044174C6205}.Release|Any CPU.Build.0 = Release|Any CPU
		{32745876-1A8E-4A44-8B09-2044174C6205}.Release|x86.ActiveCfg = Release|Any CPU
		{32745876-1A8E-4A44-8B09-2044174C6205}.Release|x86.Build.0 = Release|Any CPU
		{8352F9D2-AE71-49B7-9869-B57B6279252C}.Debug|Any CPU.ActiveCfg = Debug|Win32
		{8352F9D2-AE71-49B7-9869-B57B6279252C}.Debug|x86.ActiveCfg = Debug|Win32
		{8352F9D2-AE71-49B7-9869-B57B6279252C}.Debug|x86.Build.0 = Debug|Win32
		{8352F9D2-AE71-49B7-9869-B57B6279252C}.Release|Any CPU.ActiveCfg = Release|Win32
		{8352F9D2-AE71-49B7-9869-B57B6279252C}.Release|x86.ActiveCfg = Release|Win32
		{8352F9D2-AE71-49B7-9869-B57B6279252C}.Release|x86.Build.0 = Release|Win32
		{CFCB0BF5-A1C5-40D6-BBB4-625148DDEB02}.Debug|Any CPU.ActiveCfg = Debug|Any CPU
		{CFCB0BF5-A1C5-40D6-BBB4-625148DDEB02}.Debug|Any CPU.Build.0 = Debug|Any CPU
		{CFCB0BF5-A1C5-40D6-BBB4-625148DDEB02}.Debug|x86.ActiveCfg = Debug|Any CPU
		{CFCB0BF5-A1C5-40D6-BBB4-625148DDEB02}.Debug|x86.Build.0 = Debug|Any CPU
		{CFCB0BF5-A1C5-40D6-BBB4-625148DDEB02}.Release|Any CPU.ActiveCfg = Release|Any CPU
		{CFCB0BF5-A1C5-40D6-BBB4-625148DDEB02}.Release|Any CPU.Build.0 = Release|Any CPU
		{CFCB0BF5-A1C5-40D6-BBB4-625148DDEB02}.Release|x86.ActiveCfg = Release|Any CPU
		{CFCB0BF5-A1C5-40D6-BBB4-625148DDEB02}.Release|x86.Build.0 = Release|Any CPU
		{B3215EA4-FA47-46EA-924C-E19F42C05E9E}.Debug|Any CPU.ActiveCfg = Debug|Win32
		{B3215EA4-FA47-46EA-924C-E19F42C05E9E}.Debug|x86.ActiveCfg = Debug|Win32
		{B3215EA4-FA47-46EA-924C-E19F42C05E9E}.Debug|x86.Build.0 = Debug|Win32
		{B3215EA4-FA47-46EA-924C-E19F42C05E9E}.Release|Any CPU.ActiveCfg = Release|Win32
		{B3215EA4-FA47-46EA-924C-E19F42C05E9E}.Release|x86.ActiveCfg = Release|Win32
		{B3215EA4-FA47-46EA-924C-E19F42C05E9E}.Release|x86.Build.0 = Release|Win32
		{A1350A05-77E7-44CE-BCB8-0FF5FAF29934}.Debug|Any CPU.ActiveCfg = Debug|Win32
		{A1350A05-77E7-44CE-BCB8-0FF5FAF29934}.Debug|x86.ActiveCfg = Debug|Win32
		{A1350A05-77E7-44CE-BCB8-0FF5FAF29934}.Debug|x86.Build.0 = Debug|Win32
		{A1350A05-77E7-44CE-BCB8-0FF5FAF29934}.Release|Any CPU.ActiveCfg = Release|Win32
		{A1350A05-77E7-44CE-BCB8-0FF5FAF29934}.Release|x86.ActiveCfg = Release|Win32
		{A1350A05-77E7-44CE-BCB8-0FF5FAF29934}.Release|x86.Build.0 = Release|Win32
		{18B5A7D2-17A2-4A83-80E7-5675A38477AE}.Debug|Any CPU.ActiveCfg = Debug|Win32
		{18B5A7D2-17A2-4A83-80E7-5675A38477AE}.Debug|x86.ActiveCfg = Debug|Win32
		{18B5A7D2-17A2-4A83-80E7-5675A38477AE}.Debug|x86.Build.0 = Debug|Win32
		{18B5A7D2-17A2-4A83-80E7-5675A38477AE}.Release|Any CPU.ActiveCfg = Release|Win32
		{18B5A7D2-17A2-4A83-80E7-5675A38477AE}.Release|x86.ActiveCfg = Release|Win32
		{18B5A7D2-17A2-4A83-80E7-5675A38477AE}.Release|x86.Build.0 = Release|Win32
		{D9DBC9E3-6A03-4E5E-A3EA-863880321780}.Debug|Any CPU.ActiveCfg = Debug|Win32
		{D9DBC9E3-6A03-4E5E-A3EA-863880321780}.Debug|x86.ActiveCfg = Debug|Win32
		{D9DBC9E3-6A03-4E5E-A3EA-863880321780}.Debug|x86.Build.0 = Debug|Win32
		{D9DBC9E3-6A03-4E5E-A3EA-863880321780}.Release|Any CPU.ActiveCfg = Release|Win32
		{D9DBC9E3-6A03-4E5E-A3EA-863880321780}.Release|x86.ActiveCfg = Release|Win32
		{D9DBC9E3-6A03-4E5E-A3EA-863880321780}.Release|x86.Build.0 = Release|Win32
		{8687AB49-DE2A-4570-96E0-C09CD65C5CC0}.Debug|Any CPU.ActiveCfg = Debug|Any CPU
		{8687AB49-DE2A-4570-96E0-C09CD65C5CC0}.Debug|Any CPU.Build.0 = Debug|Any CPU
		{8687AB49-DE2A-4570-96E0-C09CD65C5CC0}.Debug|x86.ActiveCfg = Debug|Any CPU
		{8687AB49-DE2A-4570-96E0-C09CD65C5CC0}.Debug|x86.Build.0 = Debug|Any CPU
		{8687AB49-DE2A-4570-96E0-C09CD65C5CC0}.Release|Any CPU.ActiveCfg = Release|Any CPU
		{8687AB49-DE2A-4570-96E0-C09CD65C5CC0}.Release|Any CPU.Build.0 = Release|Any CPU
		{8687AB49-DE2A-4570-96E0-C09CD65C5CC0}.Release|x86.ActiveCfg = Release|Any CPU
		{8687AB49-DE2A-4570-96E0-C09CD65C5CC0}.Release|x86.Build.0 = Release|Any CPU
		{818910ED-52B1-470F-92C9-411456246926}.Debug|Any CPU.ActiveCfg = Debug|Win32
		{818910ED-52B1-470F-92C9-411456246926}.Debug|x86.ActiveCfg = Debug|Win32
		{818910ED-52B1-470F-92C9-411456246926}.Debug|x86.Build.0 = Debug|Win32
		{818910ED-52B1-470F-92C9-411456246926}.Release|Any CPU.ActiveCfg = Release|Win32
		{818910ED-52B1-470F-92C9-411456246926}.Release|x86.ActiveCfg = Release|Win32
		{818910ED-52B1-470F-92C9-411456246926}.Release|x86.Build.0 = Release|Win32
		{1DFA5998-4310-43BE-ABB4-F9EDD0DED7E3}.Debug|Any CPU.ActiveCfg = Debug|Win32
		{1DFA5998-4310-43BE-ABB4-F9EDD0DED7E3}.Debug|x86.ActiveCfg = Debug|Win32
		{1DFA5998-4310-43BE-ABB4-F9EDD0DED7E3}.Debug|x86.Build.0 = Debug|Win32
		{1DFA5998-4310-43BE-ABB4-F9EDD0DED7E3}.Release|Any CPU.ActiveCfg = Release|Win32
		{1DFA5998-4310-43BE-ABB4-F9EDD0DED7E3}.Release|x86.ActiveCfg = Release|Win32
		{1DFA5998-4310-43BE-ABB4-F9EDD0DED7E3}.Release|x86.Build.0 = Release|Win32
		{9A4183B7-1C59-4EB1-A1EA-3F9B927DF3F5}.Debug|Any CPU.ActiveCfg = Debug|Any CPU
		{9A4183B7-1C59-4EB1-A1EA-3F9B927DF3F5}.Debug|Any CPU.Build.0 = Debug|Any CPU
		{9A4183B7-1C59-4EB1-A1EA-3F9B927DF3F5}.Debug|x86.ActiveCfg = Debug|Any CPU
		{9A4183B7-1C59-4EB1-A1EA-3F9B927DF3F5}.Debug|x86.Build.0 = Debug|Any CPU
		{9A4183B7-1C59-4EB1-A1EA-3F9B927DF3F5}.Release|Any CPU.ActiveCfg = Release|Any CPU
		{9A4183B7-1C59-4EB1-A1EA-3F9B927DF3F5}.Release|Any CPU.Build.0 = Release|Any CPU
		{9A4183B7-1C59-4EB1-A1EA-3F9B927DF3F5}.Release|x86.ActiveCfg = Release|Any CPU
		{9A4183B7-1C59-4EB1-A1EA-3F9B927DF3F5}.Release|x86.Build.0 = Release|Any CPU
		{C0E1A608-6383-4863-AAE1-02C8ADB57AC3}.Debug|Any CPU.ActiveCfg = Debug|Win32
		{C0E1A608-6383-4863-AAE1-02C8ADB57AC3}.Debug|x86.ActiveCfg = Debug|Win32
		{C0E1A608-6383-4863-AAE1-02C8ADB57AC3}.Debug|x86.Build.0 = Debug|Win32
		{C0E1A608-6383-4863-AAE1-02C8ADB57AC3}.Release|Any CPU.ActiveCfg = Release|Win32
		{C0E1A608-6383-4863-AAE1-02C8ADB57AC3}.Release|x86.ActiveCfg = Release|Win32
		{C0E1A608-6383-4863-AAE1-02C8ADB57AC3}.Release|x86.Build.0 = Release|Win32
	EndGlobalSection
	GlobalSection(SolutionProperties) = preSolution
		HideSolutionNode = FALSE
	EndGlobalSection
	GlobalSection(ExtensibilityGlobals) = postSolution
		SolutionGuid = {0DE93370-D39B-45F0-9DD4-EA9DDA1003E6}
	EndGlobalSection
EndGlobal
